
Microsoft Visual Studio Solution File, Format Version 12.00
# Visual Studio Version 17
VisualStudioVersion = 17.0.31903.59
MinimumVisualStudioVersion = 10.0.40219.1
Project("{FAE04EC0-301F-11D3-BF4B-00C04F79EFBC}") = "Emu", "Emu\Emu.csproj", "{3DDB9DB4-2274-4482-9BE5-7F8169C64820}"
EndProject
Project("{FAE04EC0-301F-11D3-BF4B-00C04F79EFBC}") = "Emu.UnitTest", "Emu.UnitTest\Emu.UnitTest.csproj", "{5CC37133-301A-45DF-BEC9-CAE74086499D}"
EndProject
Global
	GlobalSection(SolutionConfigurationPlatforms) = preSolution
		Debug|Any CPU = Debug|Any CPU
		Release|Any CPU = Release|Any CPU
	EndGlobalSection
	GlobalSection(SolutionProperties) = preSolution
		HideSolutionNode = FALSE
	EndGlobalSection
	GlobalSection(ProjectConfigurationPlatforms) = postSolution
		{3DDB9DB4-2274-4482-9BE5-7F8169C64820}.Debug|Any CPU.ActiveCfg = Debug|Any CPU
		{3DDB9DB4-2274-4482-9BE5-7F8169C64820}.Debug|Any CPU.Build.0 = Debug|Any CPU
		{3DDB9DB4-2274-4482-9BE5-7F8169C64820}.Release|Any CPU.ActiveCfg = Release|Any CPU
		{3DDB9DB4-2274-4482-9BE5-7F8169C64820}.Release|Any CPU.Build.0 = Release|Any CPU
		{5CC37133-301A-45DF-BEC9-CAE74086499D}.Debug|Any CPU.ActiveCfg = Debug|Any CPU
		{5CC37133-301A-45DF-BEC9-CAE74086499D}.Debug|Any CPU.Build.0 = Debug|Any CPU
		{5CC37133-301A-45DF-BEC9-CAE74086499D}.Release|Any CPU.ActiveCfg = Release|Any CPU
		{5CC37133-301A-45DF-BEC9-CAE74086499D}.Release|Any CPU.Build.0 = Release|Any CPU
	EndGlobalSection
EndGlobal
